
Microsoft Visual Studio Solution File, Format Version 12.00
# Visual Studio Version 16
VisualStudioVersion = 16.0.28606.126
MinimumVisualStudioVersion = 10.0.40219.1
Project("{FAE04EC0-301F-11D3-BF4B-00C04F79EFBC}") = "Bookids", "Bookids\Bookids.csproj", "{C8BE5E55-4625-4114-BA1B-E00E53B948AD}"
EndProject
Global
	GlobalSection(SolutionConfigurationPlatforms) = preSolution
		Debug|Any CPU = Debug|Any CPU
		Release|Any CPU = Release|Any CPU
	EndGlobalSection
	GlobalSection(ProjectConfigurationPlatforms) = postSolution
		{C8BE5E55-4625-4114-BA1B-E00E53B948AD}.Debug|Any CPU.ActiveCfg = Debug|Any CPU
		{C8BE5E55-4625-4114-BA1B-E00E53B948AD}.Debug|Any CPU.Build.0 = Debug|Any CPU
		{C8BE5E55-4625-4114-BA1B-E00E53B948AD}.Release|Any CPU.ActiveCfg = Release|Any CPU
		{C8BE5E55-4625-4114-BA1B-E00E53B948AD}.Release|Any CPU.Build.0 = Release|Any CPU
	EndGlobalSection
	GlobalSection(SolutionProperties) = preSolution
		HideSolutionNode = FALSE
	EndGlobalSection
	GlobalSection(ExtensibilityGlobals) = postSolution
		SolutionGuid = {CF528576-1E30-44AB-B6F2-85522E3EDB1C}
	EndGlobalSection
EndGlobal
